
Microsoft Visual Studio Solution File, Format Version 12.00
Project("{FAE04EC0-301F-11D3-BF4B-00C04F79EFBC}") = "LoyalSpears", "LoyalSpears\LoyalSpears.csproj", "{C00EDC1A-636F-4221-834A-B22A0174B582}"
EndProject
Global
	GlobalSection(SolutionConfigurationPlatforms) = preSolution
		Debug|Any CPU = Debug|Any CPU
		Release|Any CPU = Release|Any CPU
	EndGlobalSection
	GlobalSection(ProjectConfigurationPlatforms) = postSolution
		{C00EDC1A-636F-4221-834A-B22A0174B582}.Debug|Any CPU.ActiveCfg = Debug|Any CPU
		{C00EDC1A-636F-4221-834A-B22A0174B582}.Debug|Any CPU.Build.0 = Debug|Any CPU
		{C00EDC1A-636F-4221-834A-B22A0174B582}.Release|Any CPU.ActiveCfg = Release|Any CPU
		{C00EDC1A-636F-4221-834A-B22A0174B582}.Release|Any CPU.Build.0 = Release|Any CPU
	EndGlobalSection
EndGlobal
